
Microsoft Visual Studio Solution File, Format Version 12.00
# Visual Studio Version 16
VisualStudioVersion = 16.0.32929.386
MinimumVisualStudioVersion = 10.0.40219.1
Project("{8BC9CEB8-8B4A-11D0-8D11-00A0C91BC942}") = "Project 2", "Project 2\Project 2.vcxproj", "{31E45ACE-95BB-4036-A7FF-87F00F112093}"
EndProject
Global
	GlobalSection(SolutionConfigurationPlatforms) = preSolution
		Debug|x64 = Debug|x64
		Debug|x86 = Debug|x86
		Release|x64 = Release|x64
		Release|x86 = Release|x86
	EndGlobalSection
	GlobalSection(ProjectConfigurationPlatforms) = postSolution
		{31E45ACE-95BB-4036-A7FF-87F00F112093}.Debug|x64.ActiveCfg = Debug|x64
		{31E45ACE-95BB-4036-A7FF-87F00F112093}.Debug|x64.Build.0 = Debug|x64
		{31E45ACE-95BB-4036-A7FF-87F00F112093}.Debug|x86.ActiveCfg = Debug|Win32
		{31E45ACE-95BB-4036-A7FF-87F00F112093}.Debug|x86.Build.0 = Debug|Win32
		{31E45ACE-95BB-4036-A7FF-87F00F112093}.Release|x64.ActiveCfg = Release|x64
		{31E45ACE-95BB-4036-A7FF-87F00F112093}.Release|x64.Build.0 = Release|x64
		{31E45ACE-95BB-4036-A7FF-87F00F112093}.Release|x86.ActiveCfg = Release|Win32
		{31E45ACE-95BB-4036-A7FF-87F00F112093}.Release|x86.Build.0 = Release|Win32
	EndGlobalSection
	GlobalSection(SolutionProperties) = preSolution
		HideSolutionNode = FALSE
	EndGlobalSection
	GlobalSection(ExtensibilityGlobals) = postSolution
		SolutionGuid = {4E4E92BB-48EA-48C8-807D-346687DDB9F9}
	EndGlobalSection
EndGlobal
